
Microsoft Visual Studio Solution File, Format Version 12.00
# Visual Studio Version 17
VisualStudioVersion = 17.1.32414.318
MinimumVisualStudioVersion = 10.0.40219.1
Project("{FAE04EC0-301F-11D3-BF4B-00C04F79EFBC}") = "MapDataCreateHDDetail", "MapDataCreateHDDetail\MapDataCreateHDDetail.csproj", "{97EEA2C0-9172-4536-9B6F-17E4257004B8}"
EndProject
Global
	GlobalSection(SolutionConfigurationPlatforms) = preSolution
		Debug|Any CPU = Debug|Any CPU
		Release|Any CPU = Release|Any CPU
	EndGlobalSection
	GlobalSection(ProjectConfigurationPlatforms) = postSolution
		{97EEA2C0-9172-4536-9B6F-17E4257004B8}.Debug|Any CPU.ActiveCfg = Debug|Any CPU
		{97EEA2C0-9172-4536-9B6F-17E4257004B8}.Debug|Any CPU.Build.0 = Debug|Any CPU
		{97EEA2C0-9172-4536-9B6F-17E4257004B8}.Release|Any CPU.ActiveCfg = Release|Any CPU
		{97EEA2C0-9172-4536-9B6F-17E4257004B8}.Release|Any CPU.Build.0 = Release|Any CPU
	EndGlobalSection
	GlobalSection(SolutionProperties) = preSolution
		HideSolutionNode = FALSE
	EndGlobalSection
	GlobalSection(ExtensibilityGlobals) = postSolution
		SolutionGuid = {23139B86-AB53-4B83-8B52-E6D304B0FAFC}
	EndGlobalSection
EndGlobal
